
Microsoft Visual Studio Solution File, Format Version 12.00
# Visual Studio Version 16
VisualStudioVersion = 16.0.29613.14
MinimumVisualStudioVersion = 10.0.40219.1
Project("{FAE04EC0-301F-11D3-BF4B-00C04F79EFBC}") = "LinearPlot", "LinearPlot\LinearPlot.csproj", "{1F12B127-B11A-4BFA-9FFF-A266B9578BBA}"
EndProject
Global
	GlobalSection(SolutionConfigurationPlatforms) = preSolution
		Debug|Any CPU = Debug|Any CPU
		Release|Any CPU = Release|Any CPU
	EndGlobalSection
	GlobalSection(ProjectConfigurationPlatforms) = postSolution
		{1F12B127-B11A-4BFA-9FFF-A266B9578BBA}.Debug|Any CPU.ActiveCfg = Debug|Any CPU
		{1F12B127-B11A-4BFA-9FFF-A266B9578BBA}.Debug|Any CPU.Build.0 = Debug|Any CPU
		{1F12B127-B11A-4BFA-9FFF-A266B9578BBA}.Release|Any CPU.ActiveCfg = Release|Any CPU
		{1F12B127-B11A-4BFA-9FFF-A266B9578BBA}.Release|Any CPU.Build.0 = Release|Any CPU
	EndGlobalSection
	GlobalSection(SolutionProperties) = preSolution
		HideSolutionNode = FALSE
	EndGlobalSection
	GlobalSection(ExtensibilityGlobals) = postSolution
		SolutionGuid = {1266C553-1554-401A-AC17-131EE4F40224}
	EndGlobalSection
EndGlobal
